// !$*UTF8*$!
{
	archiveVersion = 1;
	classes = {
	};
	objectVersion = 56;
	objects = {

/* Begin PBXBuildFile section */
		E5B5C2422B276685006E57C8 /* cats_wall_artApp.swift in Sources */ = {isa = PBXBuildFile; fileRef = E5B5C2412B276685006E57C8 /* cats_wall_artApp.swift */; };
		E5B5C2442B276685006E57C8 /* ContentView.swift in Sources */ = {isa = PBXBuildFile; fileRef = E5B5C2432B276685006E57C8 /* ContentView.swift */; };
		E5B5C2462B276687006E57C8 /* Assets.xcassets in Resources */ = {isa = PBXBuildFile; fileRef = E5B5C2452B276687006E57C8 /* Assets.xcassets */; };
		E5B5C2492B276687006E57C8 /* Preview Assets.xcassets in Resources */ = {isa = PBXBuildFile; fileRef = E5B5C2482B276687006E57C8 /* Preview Assets.xcassets */; };
		E5B5C2512B2766CC006E57C8 /* RiveRuntime in Frameworks */ = {isa = PBXBuildFile; productRef = E5B5C2502B2766CC006E57C8 /* RiveRuntime */; };
		E5B5C2532B276749006E57C8 /* RiveWallArt.swift in Sources */ = {isa = PBXBuildFile; fileRef = E5B5C2522B276749006E57C8 /* RiveWallArt.swift */; };
		E5B5C2562B2768A9006E57C8 /* picture_frame_update_v4.riv in Resources */ = {isa = PBXBuildFile; fileRef = E5B5C2552B2768A9006E57C8 /* picture_frame_update_v4.riv */; };
		E5B5C2592B2768C0006E57C8 /* cat-994546.webp in Resources */ = {isa = PBXBuildFile; fileRef = E5B5C2582B2768C0006E57C8 /* cat-994546.webp */; };
		E5B5C2612B2768E4006E57C8 /* cat3.webp in Resources */ = {isa = PBXBuildFile; fileRef = E5B5C25A2B2768E4006E57C8 /* cat3.webp */; };
		E5B5C2622B2768E4006E57C8 /* cat1.webp in Resources */ = {isa = PBXBuildFile; fileRef = E5B5C25B2B2768E4006E57C8 /* cat1.webp */; };
		E5B5C2632B2768E4006E57C8 /* cat4.webp in Resources */ = {isa = PBXBuildFile; fileRef = E5B5C25C2B2768E4006E57C8 /* cat4.webp */; };
		E5B5C2642B2768E4006E57C8 /* cat0.webp in Resources */ = {isa = PBXBuildFile; fileRef = E5B5C25D2B2768E4006E57C8 /* cat0.webp */; };
		E5B5C2652B2768E4006E57C8 /* cat5.webp in Resources */ = {isa = PBXBuildFile; fileRef = E5B5C25E2B2768E4006E57C8 /* cat5.webp */; };
		E5B5C2662B2768E4006E57C8 /* cat2.webp in Resources */ = {isa = PBXBuildFile; fileRef = E5B5C25F2B2768E4006E57C8 /* cat2.webp */; };
/* End PBXBuildFile section */

/* Begin PBXFileReference section */
		E5B5C23E2B276685006E57C8 /* cats-wall-art.app */ = {isa = PBXFileReference; explicitFileType = wrapper.application; includeInIndex = 0; path = "cats-wall-art.app"; sourceTree = BUILT_PRODUCTS_DIR; };
		E5B5C2412B276685006E57C8 /* cats_wall_artApp.swift */ = {isa = PBXFileReference; lastKnownFileType = sourcecode.swift; path = cats_wall_artApp.swift; sourceTree = "<group>"; };
		E5B5C2432B276685006E57C8 /* ContentView.swift */ = {isa = PBXFileReference; lastKnownFileType = sourcecode.swift; path = ContentView.swift; sourceTree = "<group>"; };
		E5B5C2452B276687006E57C8 /* Assets.xcassets */ = {isa = PBXFileReference; lastKnownFileType = folder.assetcatalog; path = Assets.xcassets; sourceTree = "<group>"; };
		E5B5C2482B276687006E57C8 /* Preview Assets.xcassets */ = {isa = PBXFileReference; lastKnownFileType = folder.assetcatalog; path = "Preview Assets.xcassets"; sourceTree = "<group>"; };
		E5B5C2522B276749006E57C8 /* RiveWallArt.swift */ = {isa = PBXFileReference; lastKnownFileType = sourcecode.swift; path = RiveWallArt.swift; sourceTree = "<group>"; };
		E5B5C2552B2768A9006E57C8 /* picture_frame_update_v4.riv */ = {isa = PBXFileReference; lastKnownFileType = file; path = picture_frame_update_v4.riv; sourceTree = "<group>"; };
		E5B5C2582B2768C0006E57C8 /* cat-994546.webp */ = {isa = PBXFileReference; lastKnownFileType = file; path = "cat-994546.webp"; sourceTree = "<group>"; };
		E5B5C25A2B2768E4006E57C8 /* cat3.webp */ = {isa = PBXFileReference; lastKnownFileType = file; path = cat3.webp; sourceTree = "<group>"; };
		E5B5C25B2B2768E4006E57C8 /* cat1.webp */ = {isa = PBXFileReference; lastKnownFileType = file; path = cat1.webp; sourceTree = "<group>"; };
		E5B5C25C2B2768E4006E57C8 /* cat4.webp */ = {isa = PBXFileReference; lastKnownFileType = file; path = cat4.webp; sourceTree = "<group>"; };
		E5B5C25D2B2768E4006E57C8 /* cat0.webp */ = {isa = PBXFileReference; lastKnownFileType = file; path = cat0.webp; sourceTree = "<group>"; };
		E5B5C25E2B2768E4006E57C8 /* cat5.webp */ = {isa = PBXFileReference; lastKnownFileType = file; path = cat5.webp; sourceTree = "<group>"; };
		E5B5C25F2B2768E4006E57C8 /* cat2.webp */ = {isa = PBXFileReference; lastKnownFileType = file; path = cat2.webp; sourceTree = "<group>"; };
/* End PBXFileReference section */

/* Begin PBXFrameworksBuildPhase section */
		E5B5C23B2B276685006E57C8 /* Frameworks */ = {
			isa = PBXFrameworksBuildPhase;
			buildActionMask = 2147483647;
			files = (
				E5B5C2512B2766CC006E57C8 /* RiveRuntime in Frameworks */,
			);
			runOnlyForDeploymentPostprocessing = 0;
		};
/* End PBXFrameworksBuildPhase section */

/* Begin PBXGroup section */
		E5B5C2352B276685006E57C8 = {
			isa = PBXGroup;
			children = (
				E5B5C2402B276685006E57C8 /* cats-wall-art */,
				E5B5C23F2B276685006E57C8 /* Products */,
			);
			sourceTree = "<group>";
		};
		E5B5C23F2B276685006E57C8 /* Products */ = {
			isa = PBXGroup;
			children = (
				E5B5C23E2B276685006E57C8 /* cats-wall-art.app */,
			);
			name = Products;
			sourceTree = "<group>";
		};
		E5B5C2402B276685006E57C8 /* cats-wall-art */ = {
			isa = PBXGroup;
			children = (
				E5B5C2572B2768B3006E57C8 /* cats */,
				E5B5C2542B276763006E57C8 /* rivs */,
				E5B5C2412B276685006E57C8 /* cats_wall_artApp.swift */,
				E5B5C2432B276685006E57C8 /* ContentView.swift */,
				E5B5C2452B276687006E57C8 /* Assets.xcassets */,
				E5B5C2472B276687006E57C8 /* Preview Content */,
				E5B5C2522B276749006E57C8 /* RiveWallArt.swift */,
			);
			path = "cats-wall-art";
			sourceTree = "<group>";
		};
		E5B5C2472B276687006E57C8 /* Preview Content */ = {
			isa = PBXGroup;
			children = (
				E5B5C2482B276687006E57C8 /* Preview Assets.xcassets */,
			);
			path = "Preview Content";
			sourceTree = "<group>";
		};
		E5B5C2542B276763006E57C8 /* rivs */ = {
			isa = PBXGroup;
			children = (
				E5B5C2552B2768A9006E57C8 /* picture_frame_update_v4.riv */,
			);
			path = rivs;
			sourceTree = "<group>";
		};
		E5B5C2572B2768B3006E57C8 /* cats */ = {
			isa = PBXGroup;
			children = (
				E5B5C25D2B2768E4006E57C8 /* cat0.webp */,
				E5B5C25B2B2768E4006E57C8 /* cat1.webp */,
				E5B5C25F2B2768E4006E57C8 /* cat2.webp */,
				E5B5C25A2B2768E4006E57C8 /* cat3.webp */,
				E5B5C25C2B2768E4006E57C8 /* cat4.webp */,
				E5B5C25E2B2768E4006E57C8 /* cat5.webp */,
				E5B5C2582B2768C0006E57C8 /* cat-994546.webp */,
			);
			path = cats;
			sourceTree = "<group>";
		};
/* End PBXGroup section */

/* Begin PBXNativeTarget section */
		E5B5C23D2B276685006E57C8 /* cats-wall-art */ = {
			isa = PBXNativeTarget;
			buildConfigurationList = E5B5C24C2B276687006E57C8 /* Build configuration list for PBXNativeTarget "cats-wall-art" */;
			buildPhases = (
				E5B5C23A2B276685006E57C8 /* Sources */,
				E5B5C23B2B276685006E57C8 /* Frameworks */,
				E5B5C23C2B276685006E57C8 /* Resources */,
			);
			buildRules = (
			);
			dependencies = (
			);
			name = "cats-wall-art";
			packageProductDependencies = (
				E5B5C2502B2766CC006E57C8 /* RiveRuntime */,
			);
			productName = "cats-wall-art";
			productReference = E5B5C23E2B276685006E57C8 /* cats-wall-art.app */;
			productType = "com.apple.product-type.application";
		};
/* End PBXNativeTarget section */

/* Begin PBXProject section */
		E5B5C2362B276685006E57C8 /* Project object */ = {
			isa = PBXProject;
			attributes = {
				BuildIndependentTargetsInParallel = 1;
				LastSwiftUpdateCheck = 1500;
				LastUpgradeCheck = 1500;
				TargetAttributes = {
					E5B5C23D2B276685006E57C8 = {
						CreatedOnToolsVersion = 15.0.1;
					};
				};
			};
			buildConfigurationList = E5B5C2392B276685006E57C8 /* Build configuration list for PBXProject "cats-wall-art" */;
			compatibilityVersion = "Xcode 14.0";
			developmentRegion = en;
			hasScannedForEncodings = 0;
			knownRegions = (
				en,
				Base,
			);
			mainGroup = E5B5C2352B276685006E57C8;
			packageReferences = (
				E5B5C24F2B2766CC006E57C8 /* XCRemoteSwiftPackageReference "rive-ios" */,
			);
			productRefGroup = E5B5C23F2B276685006E57C8 /* Products */;
			projectDirPath = "";
			projectRoot = "";
			targets = (
				E5B5C23D2B276685006E57C8 /* cats-wall-art */,
			);
		};
/* End PBXProject section */

/* Begin PBXResourcesBuildPhase section */
		E5B5C23C2B276685006E57C8 /* Resources */ = {
			isa = PBXResourcesBuildPhase;
			buildActionMask = 2147483647;
			files = (
				E5B5C2622B2768E4006E57C8 /* cat1.webp in Resources */,
				E5B5C2662B2768E4006E57C8 /* cat2.webp in Resources */,
				E5B5C2652B2768E4006E57C8 /* cat5.webp in Resources */,
				E5B5C2632B2768E4006E57C8 /* cat4.webp in Resources */,
				E5B5C2492B276687006E57C8 /* Preview Assets.xcassets in Resources */,
				E5B5C2592B2768C0006E57C8 /* cat-994546.webp in Resources */,
				E5B5C2642B2768E4006E57C8 /* cat0.webp in Resources */,
				E5B5C2612B2768E4006E57C8 /* cat3.webp in Resources */,
				E5B5C2462B276687006E57C8 /* Assets.xcassets in Resources */,
				E5B5C2562B2768A9006E57C8 /* picture_frame_update_v4.riv in Resources */,
			);
			runOnlyForDeploymentPostprocessing = 0;
		};
/* End PBXResourcesBuildPhase section */

/* Begin PBXSourcesBuildPhase section */
		E5B5C23A2B276685006E57C8 /* Sources */ = {
			isa = PBXSourcesBuildPhase;
			buildActionMask = 2147483647;
			files = (
				E5B5C2442B276685006E57C8 /* ContentView.swift in Sources */,
				E5B5C2532B276749006E57C8 /* RiveWallArt.swift in Sources */,
				E5B5C2422B276685006E57C8 /* cats_wall_artApp.swift in Sources */,
			);
			runOnlyForDeploymentPostprocessing = 0;
		};
/* End PBXSourcesBuildPhase section */

/* Begin XCBuildConfiguration section */
		E5B5C24A2B276687006E57C8 /* Debug */ = {
			isa = XCBuildConfiguration;
			buildSettings = {
				ALWAYS_SEARCH_USER_PATHS = NO;
				ASSETCATALOG_COMPILER_GENERATE_SWIFT_ASSET_SYMBOL_EXTENSIONS = YES;
				CLANG_ANALYZER_NONNULL = YES;
				CLANG_ANALYZER_NUMBER_OBJECT_CONVERSION = YES_AGGRESSIVE;
				CLANG_CXX_LANGUAGE_STANDARD = "gnu++20";
				CLANG_ENABLE_MODULES = YES;
				CLANG_ENABLE_OBJC_ARC = YES;
				CLANG_ENABLE_OBJC_WEAK = YES;
				CLANG_WARN_BLOCK_CAPTURE_AUTORELEASING = YES;
				CLANG_WARN_BOOL_CONVERSION = YES;
				CLANG_WARN_COMMA = YES;
				CLANG_WARN_CONSTANT_CONVERSION = YES;
				CLANG_WARN_DEPRECATED_OBJC_IMPLEMENTATIONS = YES;
				CLANG_WARN_DIRECT_OBJC_ISA_USAGE = YES_ERROR;
				CLANG_WARN_DOCUMENTATION_COMMENTS = YES;
				CLANG_WARN_EMPTY_BODY = YES;
				CLANG_WARN_ENUM_CONVERSION = YES;
				CLANG_WARN_INFINITE_RECURSION = YES;
				CLANG_WARN_INT_CONVERSION = YES;
				CLANG_WARN_NON_LITERAL_NULL_CONVERSION = YES;
				CLANG_WARN_OBJC_IMPLICIT_RETAIN_SELF = YES;
				CLANG_WARN_OBJC_LITERAL_CONVERSION = YES;
				CLANG_WARN_OBJC_ROOT_CLASS = YES_ERROR;
				CLANG_WARN_QUOTED_INCLUDE_IN_FRAMEWORK_HEADER = YES;
				CLANG_WARN_RANGE_LOOP_ANALYSIS = YES;
				CLANG_WARN_STRICT_PROTOTYPES = YES;
				CLANG_WARN_SUSPICIOUS_MOVE = YES;
				CLANG_WARN_UNGUARDED_AVAILABILITY = YES_AGGRESSIVE;
				CLANG_WARN_UNREACHABLE_CODE = YES;
				CLANG_WARN__DUPLICATE_METHOD_MATCH = YES;
				COPY_PHASE_STRIP = NO;
				DEBUG_INFORMATION_FORMAT = dwarf;
				ENABLE_STRICT_OBJC_MSGSEND = YES;
				ENABLE_TESTABILITY = YES;
				ENABLE_USER_SCRIPT_SANDBOXING = YES;
				GCC_C_LANGUAGE_STANDARD = gnu17;
				GCC_DYNAMIC_NO_PIC = NO;
				GCC_NO_COMMON_BLOCKS = YES;
				GCC_OPTIMIZATION_LEVEL = 0;
				GCC_PREPROCESSOR_DEFINITIONS = (
					"DEBUG=1",
					"$(inherited)",
				);
				GCC_WARN_64_TO_32_BIT_CONVERSION = YES;
				GCC_WARN_ABOUT_RETURN_TYPE = YES_ERROR;
				GCC_WARN_UNDECLARED_SELECTOR = YES;
				GCC_WARN_UNINITIALIZED_AUTOS = YES_AGGRESSIVE;
				GCC_WARN_UNUSED_FUNCTION = YES;
				GCC_WARN_UNUSED_VARIABLE = YES;
				IPHONEOS_DEPLOYMENT_TARGET = 14.0;
				LOCALIZATION_PREFERS_STRING_CATALOGS = YES;
				MTL_ENABLE_DEBUG_INFO = INCLUDE_SOURCE;
				MTL_FAST_MATH = YES;
				ONLY_ACTIVE_ARCH = YES;
				SDKROOT = iphoneos;
				SWIFT_ACTIVE_COMPILATION_CONDITIONS = "DEBUG $(inherited)";
				SWIFT_OPTIMIZATION_LEVEL = "-Onone";
			};
			name = Debug;
		};
		E5B5C24B2B276687006E57C8 /* Release */ = {
			isa = XCBuildConfiguration;
			buildSettings = {
				ALWAYS_SEARCH_USER_PATHS = NO;
				ASSETCATALOG_COMPILER_GENERATE_SWIFT_ASSET_SYMBOL_EXTENSIONS = YES;
				CLANG_ANALYZER_NONNULL = YES;
				CLANG_ANALYZER_NUMBER_OBJECT_CONVERSION = YES_AGGRESSIVE;
				CLANG_CXX_LANGUAGE_STANDARD = "gnu++20";
				CLANG_ENABLE_MODULES = YES;
				CLANG_ENABLE_OBJC_ARC = YES;
				CLANG_ENABLE_OBJC_WEAK = YES;
				CLANG_WARN_BLOCK_CAPTURE_AUTORELEASING = YES;
				CLANG_WARN_BOOL_CONVERSION = YES;
				CLANG_WARN_COMMA = YES;
				CLANG_WARN_CONSTANT_CONVERSION = YES;
				CLANG_WARN_DEPRECATED_OBJC_IMPLEMENTATIONS = YES;
				CLANG_WARN_DIRECT_OBJC_ISA_USAGE = YES_ERROR;
				CLANG_WARN_DOCUMENTATION_COMMENTS = YES;
				CLANG_WARN_EMPTY_BODY = YES;
				CLANG_WARN_ENUM_CONVERSION = YES;
				CLANG_WARN_INFINITE_RECURSION = YES;
				CLANG_WARN_INT_CONVERSION = YES;
				CLANG_WARN_NON_LITERAL_NULL_CONVERSION = YES;
				CLANG_WARN_OBJC_IMPLICIT_RETAIN_SELF = YES;
				CLANG_WARN_OBJC_LITERAL_CONVERSION = YES;
				CLANG_WARN_OBJC_ROOT_CLASS = YES_ERROR;
				CLANG_WARN_QUOTED_INCLUDE_IN_FRAMEWORK_HEADER = YES;
				CLANG_WARN_RANGE_LOOP_ANALYSIS = YES;
				CLANG_WARN_STRICT_PROTOTYPES = YES;
				CLANG_WARN_SUSPICIOUS_MOVE = YES;
				CLANG_WARN_UNGUARDED_AVAILABILITY = YES_AGGRESSIVE;
				CLANG_WARN_UNREACHABLE_CODE = YES;
				CLANG_WARN__DUPLICATE_METHOD_MATCH = YES;
				COPY_PHASE_STRIP = NO;
				DEBUG_INFORMATION_FORMAT = "dwarf-with-dsym";
				ENABLE_NS_ASSERTIONS = NO;
				ENABLE_STRICT_OBJC_MSGSEND = YES;
				ENABLE_USER_SCRIPT_SANDBOXING = YES;
				GCC_C_LANGUAGE_STANDARD = gnu17;
				GCC_NO_COMMON_BLOCKS = YES;
				GCC_WARN_64_TO_32_BIT_CONVERSION = YES;
				GCC_WARN_ABOUT_RETURN_TYPE = YES_ERROR;
				GCC_WARN_UNDECLARED_SELECTOR = YES;
				GCC_WARN_UNINITIALIZED_AUTOS = YES_AGGRESSIVE;
				GCC_WARN_UNUSED_FUNCTION = YES;
				GCC_WARN_UNUSED_VARIABLE = YES;
				IPHONEOS_DEPLOYMENT_TARGET = 14.0;
				LOCALIZATION_PREFERS_STRING_CATALOGS = YES;
				MTL_ENABLE_DEBUG_INFO = NO;
				MTL_FAST_MATH = YES;
				SDKROOT = iphoneos;
				SWIFT_COMPILATION_MODE = wholemodule;
				VALIDATE_PRODUCT = YES;
			};
			name = Release;
		};
		E5B5C24D2B276687006E57C8 /* Debug */ = {
			isa = XCBuildConfiguration;
			buildSettings = {
				ASSETCATALOG_COMPILER_APPICON_NAME = AppIcon;
				ASSETCATALOG_COMPILER_GLOBAL_ACCENT_COLOR_NAME = AccentColor;
				CODE_SIGN_STYLE = Automatic;
				CURRENT_PROJECT_VERSION = 1;
				DEVELOPMENT_ASSET_PATHS = "\"cats-wall-art/Preview Content\"";
				DEVELOPMENT_TEAM = F2K98M74Y7;
				ENABLE_PREVIEWS = YES;
				GENERATE_INFOPLIST_FILE = YES;
				INFOPLIST_KEY_UIApplicationSceneManifest_Generation = YES;
				INFOPLIST_KEY_UIApplicationSupportsIndirectInputEvents = YES;
				INFOPLIST_KEY_UILaunchScreen_Generation = YES;
				INFOPLIST_KEY_UISupportedInterfaceOrientations_iPad = "UIInterfaceOrientationPortrait UIInterfaceOrientationPortraitUpsideDown UIInterfaceOrientationLandscapeLeft UIInterfaceOrientationLandscapeRight";
				INFOPLIST_KEY_UISupportedInterfaceOrientations_iPhone = "UIInterfaceOrientationPortrait UIInterfaceOrientationLandscapeLeft UIInterfaceOrientationLandscapeRight";
				IPHONEOS_DEPLOYMENT_TARGET = 14.0;
				LD_RUNPATH_SEARCH_PATHS = (
					"$(inherited)",
					"@executable_path/Frameworks",
				);
				MARKETING_VERSION = 1.0;
				PRODUCT_BUNDLE_IDENTIFIER = "blablafooappar.cats-wall-art";
				PRODUCT_NAME = "$(TARGET_NAME)";
				SWIFT_EMIT_LOC_STRINGS = YES;
				SWIFT_VERSION = 5.0;
				TARGETED_DEVICE_FAMILY = "1,2";
			};
			name = Debug;
		};
		E5B5C24E2B276687006E57C8 /* Release */ = {
			isa = XCBuildConfiguration;
			buildSettings = {
				ASSETCATALOG_COMPILER_APPICON_NAME = AppIcon;
				ASSETCATALOG_COMPILER_GLOBAL_ACCENT_COLOR_NAME = AccentColor;
				CODE_SIGN_STYLE = Automatic;
				CURRENT_PROJECT_VERSION = 1;
				DEVELOPMENT_ASSET_PATHS = "\"cats-wall-art/Preview Content\"";
				DEVELOPMENT_TEAM = F2K98M74Y7;
				ENABLE_PREVIEWS = YES;
				GENERATE_INFOPLIST_FILE = YES;
				INFOPLIST_KEY_UIApplicationSceneManifest_Generation = YES;
				INFOPLIST_KEY_UIApplicationSupportsIndirectInputEvents = YES;
				INFOPLIST_KEY_UILaunchScreen_Generation = YES;
				INFOPLIST_KEY_UISupportedInterfaceOrientations_iPad = "UIInterfaceOrientationPortrait UIInterfaceOrientationPortraitUpsideDown UIInterfaceOrientationLandscapeLeft UIInterfaceOrientationLandscapeRight";
				INFOPLIST_KEY_UISupportedInterfaceOrientations_iPhone = "UIInterfaceOrientationPortrait UIInterfaceOrientationLandscapeLeft UIInterfaceOrientationLandscapeRight";
				IPHONEOS_DEPLOYMENT_TARGET = 14.0;
				LD_RUNPATH_SEARCH_PATHS = (
					"$(inherited)",
					"@executable_path/Frameworks",
				);
				MARKETING_VERSION = 1.0;
				PRODUCT_BUNDLE_IDENTIFIER = "blablafooappar.cats-wall-art";
				PRODUCT_NAME = "$(TARGET_NAME)";
				SWIFT_EMIT_LOC_STRINGS = YES;
				SWIFT_VERSION = 5.0;
				TARGETED_DEVICE_FAMILY = "1,2";
			};
			name = Release;
		};
/* End XCBuildConfiguration section */

/* Begin XCConfigurationList section */
		E5B5C2392B276685006E57C8 /* Build configuration list for PBXProject "cats-wall-art" */ = {
			isa = XCConfigurationList;
			buildConfigurations = (
				E5B5C24A2B276687006E57C8 /* Debug */,
				E5B5C24B2B276687006E57C8 /* Release */,
			);
			defaultConfigurationIsVisible = 0;
			defaultConfigurationName = Release;
		};
		E5B5C24C2B276687006E57C8 /* Build configuration list for PBXNativeTarget "cats-wall-art" */ = {
			isa = XCConfigurationList;
			buildConfigurations = (
				E5B5C24D2B276687006E57C8 /* Debug */,
				E5B5C24E2B276687006E57C8 /* Release */,
			);
			defaultConfigurationIsVisible = 0;
			defaultConfigurationName = Release;
		};
/* End XCConfigurationList section */

/* Begin XCRemoteSwiftPackageReference section */
		E5B5C24F2B2766CC006E57C8 /* XCRemoteSwiftPackageReference "rive-ios" */ = {
			isa = XCRemoteSwiftPackageReference;
			repositoryURL = "https://github.com/rive-app/rive-ios.git";
			requirement = {
				kind = upToNextMajorVersion;
				minimumVersion = 5.7.0;
			};
		};
/* End XCRemoteSwiftPackageReference section */

/* Begin XCSwiftPackageProductDependency section */
		E5B5C2502B2766CC006E57C8 /* RiveRuntime */ = {
			isa = XCSwiftPackageProductDependency;
			package = E5B5C24F2B2766CC006E57C8 /* XCRemoteSwiftPackageReference "rive-ios" */;
			productName = RiveRuntime;
		};
/* End XCSwiftPackageProductDependency section */
	};
	rootObject = E5B5C2362B276685006E57C8 /* Project object */;
}
